
Microsoft Visual Studio Solution File, Format Version 12.00
# Visual Studio 2012
Project("{FAE04EC0-301F-11D3-BF4B-00C04F79EFBC}") = "StackExchangeRedisTest", "StackExchangeRedisTest\StackExchangeRedisTest.csproj", "{CD893637-53CA-4D93-BE96-7B8439DC4FDA}"
EndProject
Project("{2150E333-8FDC-42A3-9474-1A3956D46DE8}") = "Ioc_Autofac", "Ioc_Autofac", "{BFFCF8AF-AAC0-4BF8-952E-92C2FA1B4276}"
EndProject
Project("{FAE04EC0-301F-11D3-BF4B-00C04F79EFBC}") = "ConsoleDemo", "ConsoleDemo\ConsoleDemo.csproj", "{7A1A6536-3E14-4453-9B4B-7DD576172CE6}"
EndProject
Project("{2150E333-8FDC-42A3-9474-1A3956D46DE8}") = ".nuget", ".nuget", "{327793CE-0B70-4C9D-9722-7EAC7CD5C1D6}"
	ProjectSection(SolutionItems) = preProject
		.nuget\NuGet.Config = .nuget\NuGet.Config
		.nuget\NuGet.exe = .nuget\NuGet.exe
		.nuget\NuGet.targets = .nuget\NuGet.targets
	EndProjectSection
EndProject
Project("{2150E333-8FDC-42A3-9474-1A3956D46DE8}") = "Application", "Application", "{A76A8448-7B0B-4EB3-A383-324266D00864}"
EndProject
Project("{FAE04EC0-301F-11D3-BF4B-00C04F79EFBC}") = "Example.Core", "Example.Core\Example.Core.csproj", "{13DC1132-28C9-4255-B639-D1E7ED7035A6}"
EndProject
Project("{FAE04EC0-301F-11D3-BF4B-00C04F79EFBC}") = "WebformDemo", "WebformDemo\WebformDemo.csproj", "{6DDBCCF9-043E-4B42-A399-DEFA1C18768C}"
EndProject
Project("{FAE04EC0-301F-11D3-BF4B-00C04F79EFBC}") = "MvcDemo", "MvcDemo\MvcDemo.csproj", "{2B97B3CA-2073-49F7-A306-EBD5DD4BB538}"
EndProject
Project("{FAE04EC0-301F-11D3-BF4B-00C04F79EFBC}") = "WebApiDemo", "WebApiDemo\WebApiDemo.csproj", "{BD47AC01-BC6A-419B-AF2A-F8D428A4D894}"
EndProject
Project("{2150E333-8FDC-42A3-9474-1A3956D46DE8}") = "Cache", "Cache", "{2E0CFCD4-A279-48CF-8EF9-B655E15FC65D}"
EndProject
Project("{2150E333-8FDC-42A3-9474-1A3956D46DE8}") = "Algorithm", "Algorithm", "{48FFF360-91BF-4943-99CD-AF4DE5C35DFD}"
EndProject
Project("{FAE04EC0-301F-11D3-BF4B-00C04F79EFBC}") = "02插入排序", "插入排序\02插入排序.csproj", "{D849CCD3-B395-4AFF-A271-04233B2DB2E9}"
EndProject
Project("{FAE04EC0-301F-11D3-BF4B-00C04F79EFBC}") = "01冒泡排序", "冒泡排序\01冒泡排序.csproj", "{F0A6C3B0-930D-4360-B7D3-C173E211290D}"
EndProject
Project("{2150E333-8FDC-42A3-9474-1A3956D46DE8}") = "CommonSolution", "CommonSolution", "{EA0AFAF7-23BB-4DFA-AF5D-D18A5ECBB51B}"
EndProject
Project("{FAE04EC0-301F-11D3-BF4B-00C04F79EFBC}") = "MvcProjectMain", "MvcProjectMain\MvcProjectMain.csproj", "{D3B5CE9A-ACDC-48E0-90D1-549BD0FF5ED5}"
EndProject
Project("{FAE04EC0-301F-11D3-BF4B-00C04F79EFBC}") = "MvcProjectThemes", "MvcProjectMain\Modules\MvcProjectThemes\MvcProjectThemes.csproj", "{32C416B0-0E1C-42EC-AF9A-B800FC3A5DD0}"
EndProject
Project("{FAE04EC0-301F-11D3-BF4B-00C04F79EFBC}") = "CommonAreasProject", "MvcProjectMain\Modules\CommonAreasProject\CommonAreasProject.csproj", "{94337C87-AC68-4A88-8343-574C63FC3ECD}"
EndProject
Project("{2150E333-8FDC-42A3-9474-1A3956D46DE8}") = "XmlOperation", "XmlOperation", "{AB3EBB23-CEB6-4632-95FD-6C539CA9D523}"
EndProject
Project("{FAE04EC0-301F-11D3-BF4B-00C04F79EFBC}") = "ConsoleCustomConfigDemo", "ConsoleCustomConfigDemo\ConsoleCustomConfigDemo.csproj", "{D850F10D-70D9-4ECF-A29D-CB6A8E5962EF}"
EndProject
Global
	GlobalSection(SolutionConfigurationPlatforms) = preSolution
		Debug|Any CPU = Debug|Any CPU
		Release|Any CPU = Release|Any CPU
	EndGlobalSection
	GlobalSection(ProjectConfigurationPlatforms) = postSolution
		{CD893637-53CA-4D93-BE96-7B8439DC4FDA}.Debug|Any CPU.ActiveCfg = Debug|Any CPU
		{CD893637-53CA-4D93-BE96-7B8439DC4FDA}.Debug|Any CPU.Build.0 = Debug|Any CPU
		{CD893637-53CA-4D93-BE96-7B8439DC4FDA}.Release|Any CPU.ActiveCfg = Release|Any CPU
		{CD893637-53CA-4D93-BE96-7B8439DC4FDA}.Release|Any CPU.Build.0 = Release|Any CPU
		{7A1A6536-3E14-4453-9B4B-7DD576172CE6}.Debug|Any CPU.ActiveCfg = Debug|Any CPU
		{7A1A6536-3E14-4453-9B4B-7DD576172CE6}.Debug|Any CPU.Build.0 = Debug|Any CPU
		{7A1A6536-3E14-4453-9B4B-7DD576172CE6}.Release|Any CPU.ActiveCfg = Release|Any CPU
		{7A1A6536-3E14-4453-9B4B-7DD576172CE6}.Release|Any CPU.Build.0 = Release|Any CPU
		{13DC1132-28C9-4255-B639-D1E7ED7035A6}.Debug|Any CPU.ActiveCfg = Debug|Any CPU
		{13DC1132-28C9-4255-B639-D1E7ED7035A6}.Debug|Any CPU.Build.0 = Debug|Any CPU
		{13DC1132-28C9-4255-B639-D1E7ED7035A6}.Release|Any CPU.ActiveCfg = Release|Any CPU
		{13DC1132-28C9-4255-B639-D1E7ED7035A6}.Release|Any CPU.Build.0 = Release|Any CPU
		{6DDBCCF9-043E-4B42-A399-DEFA1C18768C}.Debug|Any CPU.ActiveCfg = Debug|Any CPU
		{6DDBCCF9-043E-4B42-A399-DEFA1C18768C}.Debug|Any CPU.Build.0 = Debug|Any CPU
		{6DDBCCF9-043E-4B42-A399-DEFA1C18768C}.Release|Any CPU.ActiveCfg = Release|Any CPU
		{6DDBCCF9-043E-4B42-A399-DEFA1C18768C}.Release|Any CPU.Build.0 = Release|Any CPU
		{2B97B3CA-2073-49F7-A306-EBD5DD4BB538}.Debug|Any CPU.ActiveCfg = Debug|Any CPU
		{2B97B3CA-2073-49F7-A306-EBD5DD4BB538}.Debug|Any CPU.Build.0 = Debug|Any CPU
		{2B97B3CA-2073-49F7-A306-EBD5DD4BB538}.Release|Any CPU.ActiveCfg = Release|Any CPU
		{2B97B3CA-2073-49F7-A306-EBD5DD4BB538}.Release|Any CPU.Build.0 = Release|Any CPU
		{BD47AC01-BC6A-419B-AF2A-F8D428A4D894}.Debug|Any CPU.ActiveCfg = Debug|Any CPU
		{BD47AC01-BC6A-419B-AF2A-F8D428A4D894}.Debug|Any CPU.Build.0 = Debug|Any CPU
		{BD47AC01-BC6A-419B-AF2A-F8D428A4D894}.Release|Any CPU.ActiveCfg = Release|Any CPU
		{BD47AC01-BC6A-419B-AF2A-F8D428A4D894}.Release|Any CPU.Build.0 = Release|Any CPU
		{D849CCD3-B395-4AFF-A271-04233B2DB2E9}.Debug|Any CPU.ActiveCfg = Debug|Any CPU
		{D849CCD3-B395-4AFF-A271-04233B2DB2E9}.Debug|Any CPU.Build.0 = Debug|Any CPU
		{D849CCD3-B395-4AFF-A271-04233B2DB2E9}.Release|Any CPU.ActiveCfg = Release|Any CPU
		{D849CCD3-B395-4AFF-A271-04233B2DB2E9}.Release|Any CPU.Build.0 = Release|Any CPU
		{F0A6C3B0-930D-4360-B7D3-C173E211290D}.Debug|Any CPU.ActiveCfg = Debug|Any CPU
		{F0A6C3B0-930D-4360-B7D3-C173E211290D}.Debug|Any CPU.Build.0 = Debug|Any CPU
		{F0A6C3B0-930D-4360-B7D3-C173E211290D}.Release|Any CPU.ActiveCfg = Release|Any CPU
		{F0A6C3B0-930D-4360-B7D3-C173E211290D}.Release|Any CPU.Build.0 = Release|Any CPU
		{D3B5CE9A-ACDC-48E0-90D1-549BD0FF5ED5}.Debug|Any CPU.ActiveCfg = Debug|Any CPU
		{D3B5CE9A-ACDC-48E0-90D1-549BD0FF5ED5}.Debug|Any CPU.Build.0 = Debug|Any CPU
		{D3B5CE9A-ACDC-48E0-90D1-549BD0FF5ED5}.Release|Any CPU.ActiveCfg = Release|Any CPU
		{D3B5CE9A-ACDC-48E0-90D1-549BD0FF5ED5}.Release|Any CPU.Build.0 = Release|Any CPU
		{32C416B0-0E1C-42EC-AF9A-B800FC3A5DD0}.Debug|Any CPU.ActiveCfg = Debug|Any CPU
		{32C416B0-0E1C-42EC-AF9A-B800FC3A5DD0}.Debug|Any CPU.Build.0 = Debug|Any CPU
		{32C416B0-0E1C-42EC-AF9A-B800FC3A5DD0}.Release|Any CPU.ActiveCfg = Release|Any CPU
		{32C416B0-0E1C-42EC-AF9A-B800FC3A5DD0}.Release|Any CPU.Build.0 = Release|Any CPU
		{94337C87-AC68-4A88-8343-574C63FC3ECD}.Debug|Any CPU.ActiveCfg = Debug|Any CPU
		{94337C87-AC68-4A88-8343-574C63FC3ECD}.Debug|Any CPU.Build.0 = Debug|Any CPU
		{94337C87-AC68-4A88-8343-574C63FC3ECD}.Release|Any CPU.ActiveCfg = Release|Any CPU
		{94337C87-AC68-4A88-8343-574C63FC3ECD}.Release|Any CPU.Build.0 = Release|Any CPU
		{D850F10D-70D9-4ECF-A29D-CB6A8E5962EF}.Debug|Any CPU.ActiveCfg = Debug|Any CPU
		{D850F10D-70D9-4ECF-A29D-CB6A8E5962EF}.Debug|Any CPU.Build.0 = Debug|Any CPU
		{D850F10D-70D9-4ECF-A29D-CB6A8E5962EF}.Release|Any CPU.ActiveCfg = Release|Any CPU
		{D850F10D-70D9-4ECF-A29D-CB6A8E5962EF}.Release|Any CPU.Build.0 = Release|Any CPU
	EndGlobalSection
	GlobalSection(SolutionProperties) = preSolution
		HideSolutionNode = FALSE
	EndGlobalSection
	GlobalSection(NestedProjects) = preSolution
		{CD893637-53CA-4D93-BE96-7B8439DC4FDA} = {2E0CFCD4-A279-48CF-8EF9-B655E15FC65D}
		{7A1A6536-3E14-4453-9B4B-7DD576172CE6} = {BFFCF8AF-AAC0-4BF8-952E-92C2FA1B4276}
		{6DDBCCF9-043E-4B42-A399-DEFA1C18768C} = {BFFCF8AF-AAC0-4BF8-952E-92C2FA1B4276}
		{2B97B3CA-2073-49F7-A306-EBD5DD4BB538} = {BFFCF8AF-AAC0-4BF8-952E-92C2FA1B4276}
		{BD47AC01-BC6A-419B-AF2A-F8D428A4D894} = {BFFCF8AF-AAC0-4BF8-952E-92C2FA1B4276}
		{13DC1132-28C9-4255-B639-D1E7ED7035A6} = {A76A8448-7B0B-4EB3-A383-324266D00864}
		{D849CCD3-B395-4AFF-A271-04233B2DB2E9} = {48FFF360-91BF-4943-99CD-AF4DE5C35DFD}
		{F0A6C3B0-930D-4360-B7D3-C173E211290D} = {48FFF360-91BF-4943-99CD-AF4DE5C35DFD}
		{D3B5CE9A-ACDC-48E0-90D1-549BD0FF5ED5} = {EA0AFAF7-23BB-4DFA-AF5D-D18A5ECBB51B}
		{32C416B0-0E1C-42EC-AF9A-B800FC3A5DD0} = {EA0AFAF7-23BB-4DFA-AF5D-D18A5ECBB51B}
		{94337C87-AC68-4A88-8343-574C63FC3ECD} = {EA0AFAF7-23BB-4DFA-AF5D-D18A5ECBB51B}
		{D850F10D-70D9-4ECF-A29D-CB6A8E5962EF} = {AB3EBB23-CEB6-4632-95FD-6C539CA9D523}
	EndGlobalSection
EndGlobal
